{
  "nodes": {
    "nixpkgs": {
      "locked": {
        "lastModified": 1754243666,
        "narHash": "sha256-fzDOhSmHlxZacSXW4ECfKIPSgWDkFVBcH8yfeh4u5yI=",
        "owner": "nixpkgs-jdk-ea",
        "repo": "nixpkgs",
        "rev": "9e52b39c8487b1a66b5f9155a9b005f89e05c24a",
        "type": "github"
      },
      "original": {
        "owner": "nixpkgs-jdk-ea",
        "ref": "msgilligan/graalvm-oracle-25ea",
        "repo": "nixpkgs",
        "type": "github"
      }
    },
    "root": {
      "inputs": {
        "nixpkgs": "nixpkgs"
      }
    }
  },
  "root": "root",
  "version": 7
}
